
Microsoft Visual Studio Solution File, Format Version 12.00
# Visual Studio Version 16
VisualStudioVersion = 16.0.31402.337
MinimumVisualStudioVersion = 10.0.40219.1
Project("{00D1A9C2-B5F0-4AF3-8072-F6C62B433612}") = "SQL_Project_Training", "SQL_Project_Training\SQL_Project_Training.sqlproj", "{64646718-3AEE-4C01-9629-FE7BEDA600CF}"
EndProject
Global
	GlobalSection(SolutionConfigurationPlatforms) = preSolution
		Debug|Any CPU = Debug|Any CPU
		Release|Any CPU = Release|Any CPU
	EndGlobalSection
	GlobalSection(ProjectConfigurationPlatforms) = postSolution
		{64646718-3AEE-4C01-9629-FE7BEDA600CF}.Debug|Any CPU.ActiveCfg = Debug|Any CPU
		{64646718-3AEE-4C01-9629-FE7BEDA600CF}.Debug|Any CPU.Build.0 = Debug|Any CPU
		{64646718-3AEE-4C01-9629-FE7BEDA600CF}.Debug|Any CPU.Deploy.0 = Debug|Any CPU
		{64646718-3AEE-4C01-9629-FE7BEDA600CF}.Release|Any CPU.ActiveCfg = Release|Any CPU
		{64646718-3AEE-4C01-9629-FE7BEDA600CF}.Release|Any CPU.Build.0 = Release|Any CPU
		{64646718-3AEE-4C01-9629-FE7BEDA600CF}.Release|Any CPU.Deploy.0 = Release|Any CPU
	EndGlobalSection
	GlobalSection(SolutionProperties) = preSolution
		HideSolutionNode = FALSE
	EndGlobalSection
	GlobalSection(ExtensibilityGlobals) = postSolution
		SolutionGuid = {6BFF6EB4-F48A-4151-813B-4EDD432664B9}
	EndGlobalSection
EndGlobal
